
Microsoft Visual Studio Solution File, Format Version 12.00
# Visual Studio Version 16
VisualStudioVersion = 16.0.30320.27
MinimumVisualStudioVersion = 10.0.40219.1
Project("{FAE04EC0-301F-11D3-BF4B-00C04F79EFBC}") = "konsChatzisProjPartB", "konsChatzisProjPartB\konsChatzisProjPartB.csproj", "{47680159-3D9F-47BF-804D-A7414C119095}"
EndProject
Global
	GlobalSection(SolutionConfigurationPlatforms) = preSolution
		Debug|Any CPU = Debug|Any CPU
		Release|Any CPU = Release|Any CPU
	EndGlobalSection
	GlobalSection(ProjectConfigurationPlatforms) = postSolution
		{47680159-3D9F-47BF-804D-A7414C119095}.Debug|Any CPU.ActiveCfg = Debug|Any CPU
		{47680159-3D9F-47BF-804D-A7414C119095}.Debug|Any CPU.Build.0 = Debug|Any CPU
		{47680159-3D9F-47BF-804D-A7414C119095}.Release|Any CPU.ActiveCfg = Release|Any CPU
		{47680159-3D9F-47BF-804D-A7414C119095}.Release|Any CPU.Build.0 = Release|Any CPU
	EndGlobalSection
	GlobalSection(SolutionProperties) = preSolution
		HideSolutionNode = FALSE
	EndGlobalSection
	GlobalSection(ExtensibilityGlobals) = postSolution
		SolutionGuid = {CF057AD1-D77F-4761-A35C-09A83E1B77AE}
	EndGlobalSection
EndGlobal
